
Microsoft Visual Studio Solution File, Format Version 12.00
# Visual Studio Version 16
VisualStudioVersion = 16.0.30907.101
MinimumVisualStudioVersion = 10.0.40219.1
Project("{9A19103F-16F7-4668-BE54-9A1E7A4F7556}") = "GarbageCan.Domain", "GarbageCan.Domain\GarbageCan.Domain.csproj", "{98D8D9BF-E842-426A-B215-F7C0D3F9ED25}"
EndProject
Project("{9A19103F-16F7-4668-BE54-9A1E7A4F7556}") = "GarbageCan.Application", "GarbageCan.Application\GarbageCan.Application.csproj", "{F256137C-70D5-4FE3-AC64-71FAC1360373}"
EndProject
Project("{9A19103F-16F7-4668-BE54-9A1E7A4F7556}") = "GarbageCan.Infrastructure", "GarbageCan.Infrastructure\GarbageCan.Infrastructure.csproj", "{032C85D7-34FB-47B7-B491-701CE652E572}"
EndProject
Project("{9A19103F-16F7-4668-BE54-9A1E7A4F7556}") = "GarbageCan.Application.UnitTests", "GarbageCan.Application.UnitTests\GarbageCan.Application.UnitTests.csproj", "{3F9BD180-305A-4A01-B33A-1C57C29814D4}"
EndProject
Project("{2150E333-8FDC-42A3-9474-1A3956D46DE8}") = "tests", "tests", "{17F180BA-DF97-476D-9A6B-9ABA4C842A84}"
EndProject
Project("{FAE04EC0-301F-11D3-BF4B-00C04F79EFBC}") = "GarbageCan", "GarbageCan\GarbageCan.csproj", "{961236D2-1C0E-4D56-BB36-2B6AB99BEB05}"
EndProject
Project("{2150E333-8FDC-42A3-9474-1A3956D46DE8}") = "SolutionItems", "SolutionItems", "{1051B70E-39BD-4F85-A82B-40D91423445A}"
ProjectSection(SolutionItems) = preProject
	LICENSE = LICENSE
	README.md = README.md
	Dockerfile = Dockerfile
EndProjectSection
EndProject
Project("{2150E333-8FDC-42A3-9474-1A3956D46DE8}") = "Workflows", "Workflows", "{1F2EC02B-E944-44D4-82A3-9550B6201A7E}"
ProjectSection(SolutionItems) = preProject
	.github\workflows\verify.yml = .github\workflows\verify.yml
EndProjectSection
EndProject
Global
	GlobalSection(SolutionConfigurationPlatforms) = preSolution
		Debug|Any CPU = Debug|Any CPU
		Release|Any CPU = Release|Any CPU
	EndGlobalSection
	GlobalSection(ProjectConfigurationPlatforms) = postSolution
		{98D8D9BF-E842-426A-B215-F7C0D3F9ED25}.Debug|Any CPU.ActiveCfg = Debug|Any CPU
		{98D8D9BF-E842-426A-B215-F7C0D3F9ED25}.Debug|Any CPU.Build.0 = Debug|Any CPU
		{98D8D9BF-E842-426A-B215-F7C0D3F9ED25}.Release|Any CPU.ActiveCfg = Release|Any CPU
		{98D8D9BF-E842-426A-B215-F7C0D3F9ED25}.Release|Any CPU.Build.0 = Release|Any CPU
		{F256137C-70D5-4FE3-AC64-71FAC1360373}.Debug|Any CPU.ActiveCfg = Debug|Any CPU
		{F256137C-70D5-4FE3-AC64-71FAC1360373}.Debug|Any CPU.Build.0 = Debug|Any CPU
		{F256137C-70D5-4FE3-AC64-71FAC1360373}.Release|Any CPU.ActiveCfg = Release|Any CPU
		{F256137C-70D5-4FE3-AC64-71FAC1360373}.Release|Any CPU.Build.0 = Release|Any CPU
		{032C85D7-34FB-47B7-B491-701CE652E572}.Debug|Any CPU.ActiveCfg = Debug|Any CPU
		{032C85D7-34FB-47B7-B491-701CE652E572}.Debug|Any CPU.Build.0 = Debug|Any CPU
		{032C85D7-34FB-47B7-B491-701CE652E572}.Release|Any CPU.ActiveCfg = Release|Any CPU
		{032C85D7-34FB-47B7-B491-701CE652E572}.Release|Any CPU.Build.0 = Release|Any CPU
		{3F9BD180-305A-4A01-B33A-1C57C29814D4}.Debug|Any CPU.ActiveCfg = Debug|Any CPU
		{3F9BD180-305A-4A01-B33A-1C57C29814D4}.Debug|Any CPU.Build.0 = Debug|Any CPU
		{3F9BD180-305A-4A01-B33A-1C57C29814D4}.Release|Any CPU.ActiveCfg = Release|Any CPU
		{3F9BD180-305A-4A01-B33A-1C57C29814D4}.Release|Any CPU.Build.0 = Release|Any CPU
		{961236D2-1C0E-4D56-BB36-2B6AB99BEB05}.Debug|Any CPU.ActiveCfg = Debug|Any CPU
		{961236D2-1C0E-4D56-BB36-2B6AB99BEB05}.Debug|Any CPU.Build.0 = Debug|Any CPU
		{961236D2-1C0E-4D56-BB36-2B6AB99BEB05}.Release|Any CPU.ActiveCfg = Release|Any CPU
		{961236D2-1C0E-4D56-BB36-2B6AB99BEB05}.Release|Any CPU.Build.0 = Release|Any CPU
	EndGlobalSection
	GlobalSection(SolutionProperties) = preSolution
		HideSolutionNode = FALSE
	EndGlobalSection
	GlobalSection(NestedProjects) = preSolution
		{3F9BD180-305A-4A01-B33A-1C57C29814D4} = {17F180BA-DF97-476D-9A6B-9ABA4C842A84}
		{1F2EC02B-E944-44D4-82A3-9550B6201A7E} = {1051B70E-39BD-4F85-A82B-40D91423445A}
	EndGlobalSection
	GlobalSection(ExtensibilityGlobals) = postSolution
		SolutionGuid = {3E9DF8FD-8FDE-44CB-B789-B21C8967910E}
	EndGlobalSection
EndGlobal
